
Microsoft Visual Studio Solution File, Format Version 12.00
# Visual Studio Version 17
VisualStudioVersion = 17.13.35919.96
MinimumVisualStudioVersion = 10.0.40219.1
Project("{FAE04EC0-301F-11D3-BF4B-00C04F79EFBC}") = "HomeWork", "HomeWork\HomeWork.csproj", "{5DDC3388-EC67-4FD2-AB76-312634844CE8}"
EndProject
Project("{FAE04EC0-301F-11D3-BF4B-00C04F79EFBC}") = "HomeWork.UnitTesting", "HomeWork.UnitTesting\HomeWork.UnitTesting.csproj", "{835C826E-DEF1-4B8A-8C99-3D54876783B7}"
EndProject
Project("{FAE04EC0-301F-11D3-BF4B-00C04F79EFBC}") = "InClass", "InClass\InClass.csproj", "{078D13B6-1B32-4D89-9AF3-AA67D64DA784}"
EndProject
Project("{FAE04EC0-301F-11D3-BF4B-00C04F79EFBC}") = "InClass.UnitTesting", "InClass.UnitTesting\InClass.UnitTesting.csproj", "{DB2BD55E-E47A-4822-9528-54C2D6858327}"
EndProject
Project("{FAE04EC0-301F-11D3-BF4B-00C04F79EFBC}") = "Objects", "Objects\Objects.csproj", "{D2EC7972-F032-4773-B1C7-475F0829FF10}"
EndProject
Project("{FAE04EC0-301F-11D3-BF4B-00C04F79EFBC}") = "Objects.UnitTesting", "Objects.UnitTesting\Objects.UnitTesting.csproj", "{0BBEFBBB-08F2-4C54-A5EF-7CC13C470AA9}"
EndProject
Global
	GlobalSection(SolutionConfigurationPlatforms) = preSolution
		Debug|Any CPU = Debug|Any CPU
		Release|Any CPU = Release|Any CPU
	EndGlobalSection
	GlobalSection(ProjectConfigurationPlatforms) = postSolution
		{5DDC3388-EC67-4FD2-AB76-312634844CE8}.Debug|Any CPU.ActiveCfg = Debug|Any CPU
		{5DDC3388-EC67-4FD2-AB76-312634844CE8}.Debug|Any CPU.Build.0 = Debug|Any CPU
		{5DDC3388-EC67-4FD2-AB76-312634844CE8}.Release|Any CPU.ActiveCfg = Release|Any CPU
		{5DDC3388-EC67-4FD2-AB76-312634844CE8}.Release|Any CPU.Build.0 = Release|Any CPU
		{835C826E-DEF1-4B8A-8C99-3D54876783B7}.Debug|Any CPU.ActiveCfg = Debug|Any CPU
		{835C826E-DEF1-4B8A-8C99-3D54876783B7}.Debug|Any CPU.Build.0 = Debug|Any CPU
		{835C826E-DEF1-4B8A-8C99-3D54876783B7}.Release|Any CPU.ActiveCfg = Release|Any CPU
		{835C826E-DEF1-4B8A-8C99-3D54876783B7}.Release|Any CPU.Build.0 = Release|Any CPU
		{078D13B6-1B32-4D89-9AF3-AA67D64DA784}.Debug|Any CPU.ActiveCfg = Debug|Any CPU
		{078D13B6-1B32-4D89-9AF3-AA67D64DA784}.Debug|Any CPU.Build.0 = Debug|Any CPU
		{078D13B6-1B32-4D89-9AF3-AA67D64DA784}.Release|Any CPU.ActiveCfg = Release|Any CPU
		{078D13B6-1B32-4D89-9AF3-AA67D64DA784}.Release|Any CPU.Build.0 = Release|Any CPU
		{DB2BD55E-E47A-4822-9528-54C2D6858327}.Debug|Any CPU.ActiveCfg = Debug|Any CPU
		{DB2BD55E-E47A-4822-9528-54C2D6858327}.Debug|Any CPU.Build.0 = Debug|Any CPU
		{DB2BD55E-E47A-4822-9528-54C2D6858327}.Release|Any CPU.ActiveCfg = Release|Any CPU
		{DB2BD55E-E47A-4822-9528-54C2D6858327}.Release|Any CPU.Build.0 = Release|Any CPU
		{D2EC7972-F032-4773-B1C7-475F0829FF10}.Debug|Any CPU.ActiveCfg = Debug|Any CPU
		{D2EC7972-F032-4773-B1C7-475F0829FF10}.Debug|Any CPU.Build.0 = Debug|Any CPU
		{D2EC7972-F032-4773-B1C7-475F0829FF10}.Release|Any CPU.ActiveCfg = Release|Any CPU
		{D2EC7972-F032-4773-B1C7-475F0829FF10}.Release|Any CPU.Build.0 = Release|Any CPU
		{0BBEFBBB-08F2-4C54-A5EF-7CC13C470AA9}.Debug|Any CPU.ActiveCfg = Debug|Any CPU
		{0BBEFBBB-08F2-4C54-A5EF-7CC13C470AA9}.Debug|Any CPU.Build.0 = Debug|Any CPU
		{0BBEFBBB-08F2-4C54-A5EF-7CC13C470AA9}.Release|Any CPU.ActiveCfg = Release|Any CPU
		{0BBEFBBB-08F2-4C54-A5EF-7CC13C470AA9}.Release|Any CPU.Build.0 = Release|Any CPU
	EndGlobalSection
	GlobalSection(SolutionProperties) = preSolution
		HideSolutionNode = FALSE
	EndGlobalSection
	GlobalSection(ExtensibilityGlobals) = postSolution
		SolutionGuid = {DF64B5E6-C4FA-4A75-A1BC-5436E415754E}
	EndGlobalSection
EndGlobal
